
Microsoft Visual Studio Solution File, Format Version 12.00
# Visual Studio 15
VisualStudioVersion = 15.0.28307.489
MinimumVisualStudioVersion = 10.0.40219.1
Project("{FAE04EC0-301F-11D3-BF4B-00C04F79EFBC}") = "WebAPI", "WebAPI\WebAPI.csproj", "{7DD96297-B390-4BB0-AC54-2F7F037DE9A9}"
EndProject
Global
	GlobalSection(SolutionConfigurationPlatforms) = preSolution
		Debug|Any CPU = Debug|Any CPU
		Release|Any CPU = Release|Any CPU
	EndGlobalSection
	GlobalSection(ProjectConfigurationPlatforms) = postSolution
		{7DD96297-B390-4BB0-AC54-2F7F037DE9A9}.Debug|Any CPU.ActiveCfg = Debug|Any CPU
		{7DD96297-B390-4BB0-AC54-2F7F037DE9A9}.Debug|Any CPU.Build.0 = Debug|Any CPU
		{7DD96297-B390-4BB0-AC54-2F7F037DE9A9}.Release|Any CPU.ActiveCfg = Release|Any CPU
		{7DD96297-B390-4BB0-AC54-2F7F037DE9A9}.Release|Any CPU.Build.0 = Release|Any CPU
	EndGlobalSection
	GlobalSection(SolutionProperties) = preSolution
		HideSolutionNode = FALSE
	EndGlobalSection
	GlobalSection(ExtensibilityGlobals) = postSolution
		SolutionGuid = {56139267-9C23-4F50-AD99-94E6AC3E8100}
	EndGlobalSection
EndGlobal
